
Microsoft Visual Studio Solution File, Format Version 12.00
# Visual Studio Version 17
VisualStudioVersion = 17.9.34728.123
MinimumVisualStudioVersion = 10.0.40219.1
Project("{FAE04EC0-301F-11D3-BF4B-00C04F79EFBC}") = "TasksUsers", "TasksUsers\TasksUsers.csproj", "{48654290-9E8B-4EAA-A3E2-4F6325C458C8}"
EndProject
Project("{FAE04EC0-301F-11D3-BF4B-00C04F79EFBC}") = "UsersTasks.Test", "UsersTasks.Test\UsersTasks.Test.csproj", "{F2A44150-98FB-401A-86A6-CC57DB9FA6D7}"
EndProject
Global
	GlobalSection(SolutionConfigurationPlatforms) = preSolution
		Debug|Any CPU = Debug|Any CPU
		Release|Any CPU = Release|Any CPU
	EndGlobalSection
	GlobalSection(ProjectConfigurationPlatforms) = postSolution
		{48654290-9E8B-4EAA-A3E2-4F6325C458C8}.Debug|Any CPU.ActiveCfg = Debug|Any CPU
		{48654290-9E8B-4EAA-A3E2-4F6325C458C8}.Debug|Any CPU.Build.0 = Debug|Any CPU
		{48654290-9E8B-4EAA-A3E2-4F6325C458C8}.Release|Any CPU.ActiveCfg = Release|Any CPU
		{48654290-9E8B-4EAA-A3E2-4F6325C458C8}.Release|Any CPU.Build.0 = Release|Any CPU
		{F2A44150-98FB-401A-86A6-CC57DB9FA6D7}.Debug|Any CPU.ActiveCfg = Debug|Any CPU
		{F2A44150-98FB-401A-86A6-CC57DB9FA6D7}.Debug|Any CPU.Build.0 = Debug|Any CPU
		{F2A44150-98FB-401A-86A6-CC57DB9FA6D7}.Release|Any CPU.ActiveCfg = Release|Any CPU
		{F2A44150-98FB-401A-86A6-CC57DB9FA6D7}.Release|Any CPU.Build.0 = Release|Any CPU
	EndGlobalSection
	GlobalSection(SolutionProperties) = preSolution
		HideSolutionNode = FALSE
	EndGlobalSection
	GlobalSection(ExtensibilityGlobals) = postSolution
		SolutionGuid = {66CAAE53-94F4-4A4D-8149-0B398381AE8F}
	EndGlobalSection
EndGlobal
